
Microsoft Visual Studio Solution File, Format Version 10.00
# Visual Studio 2008
Project("{FAE04EC0-301F-11D3-BF4B-00C04F79EFBC}") = "rpt2csv", "rpt2csv\rpt2csv.csproj", "{63DD0AE1-3486-499A-9754-31D615866026}"
EndProject
Global
	GlobalSection(SolutionConfigurationPlatforms) = preSolution
		Debug|Any CPU = Debug|Any CPU
		Release|Any CPU = Release|Any CPU
	EndGlobalSection
	GlobalSection(ProjectConfigurationPlatforms) = postSolution
		{63DD0AE1-3486-499A-9754-31D615866026}.Debug|Any CPU.ActiveCfg = Debug|Any CPU
		{63DD0AE1-3486-499A-9754-31D615866026}.Debug|Any CPU.Build.0 = Debug|Any CPU
		{63DD0AE1-3486-499A-9754-31D615866026}.Release|Any CPU.ActiveCfg = Release|Any CPU
		{63DD0AE1-3486-499A-9754-31D615866026}.Release|Any CPU.Build.0 = Release|Any CPU
	EndGlobalSection
	GlobalSection(SolutionProperties) = preSolution
		HideSolutionNode = FALSE
	EndGlobalSection
EndGlobal
